
Microsoft Visual Studio Solution File, Format Version 12.00
# Visual Studio Version 17
VisualStudioVersion = 17.1.32414.318
MinimumVisualStudioVersion = 10.0.40219.1
Project("{9A19103F-16F7-4668-BE54-9A1E7A4F7556}") = "Run8IndustryConfigEditor", "Run8IndustryConfigEditor\Run8IndustryConfigEditor.csproj", "{0262BE9D-22B9-4B1F-B670-DB170FF0A9C6}"
EndProject
Project("{C7167F0D-BC9F-4E6E-AFE1-012C56B48DB5}") = "WAP", "WAP\WAP.wapproj", "{70289035-BCAD-4873-B295-F12E32D66F74}"
EndProject
Project("{54435603-DBB4-11D2-8724-00A0C9A8B90C}") = "Setup", "Setup\Setup.vdproj", "{1EEFDDBD-43DB-48FC-8CB0-D4DD3D7C30BD}"
EndProject
Global
	GlobalSection(SolutionConfigurationPlatforms) = preSolution
		Debug|Any CPU = Debug|Any CPU
		Debug|ARM = Debug|ARM
		Debug|ARM64 = Debug|ARM64
		Debug|x64 = Debug|x64
		Debug|x86 = Debug|x86
		Release|Any CPU = Release|Any CPU
		Release|ARM = Release|ARM
		Release|ARM64 = Release|ARM64
		Release|x64 = Release|x64
		Release|x86 = Release|x86
	EndGlobalSection
	GlobalSection(ProjectConfigurationPlatforms) = postSolution
		{0262BE9D-22B9-4B1F-B670-DB170FF0A9C6}.Debug|Any CPU.ActiveCfg = Debug|Any CPU
		{0262BE9D-22B9-4B1F-B670-DB170FF0A9C6}.Debug|Any CPU.Build.0 = Debug|Any CPU
		{0262BE9D-22B9-4B1F-B670-DB170FF0A9C6}.Debug|ARM.ActiveCfg = Debug|Any CPU
		{0262BE9D-22B9-4B1F-B670-DB170FF0A9C6}.Debug|ARM.Build.0 = Debug|Any CPU
		{0262BE9D-22B9-4B1F-B670-DB170FF0A9C6}.Debug|ARM64.ActiveCfg = Debug|Any CPU
		{0262BE9D-22B9-4B1F-B670-DB170FF0A9C6}.Debug|ARM64.Build.0 = Debug|Any CPU
		{0262BE9D-22B9-4B1F-B670-DB170FF0A9C6}.Debug|x64.ActiveCfg = Debug|Any CPU
		{0262BE9D-22B9-4B1F-B670-DB170FF0A9C6}.Debug|x64.Build.0 = Debug|Any CPU
		{0262BE9D-22B9-4B1F-B670-DB170FF0A9C6}.Debug|x86.ActiveCfg = Debug|Any CPU
		{0262BE9D-22B9-4B1F-B670-DB170FF0A9C6}.Debug|x86.Build.0 = Debug|Any CPU
		{0262BE9D-22B9-4B1F-B670-DB170FF0A9C6}.Release|Any CPU.ActiveCfg = Release|Any CPU
		{0262BE9D-22B9-4B1F-B670-DB170FF0A9C6}.Release|Any CPU.Build.0 = Release|Any CPU
		{0262BE9D-22B9-4B1F-B670-DB170FF0A9C6}.Release|ARM.ActiveCfg = Release|Any CPU
		{0262BE9D-22B9-4B1F-B670-DB170FF0A9C6}.Release|ARM.Build.0 = Release|Any CPU
		{0262BE9D-22B9-4B1F-B670-DB170FF0A9C6}.Release|ARM64.ActiveCfg = Release|Any CPU
		{0262BE9D-22B9-4B1F-B670-DB170FF0A9C6}.Release|ARM64.Build.0 = Release|Any CPU
		{0262BE9D-22B9-4B1F-B670-DB170FF0A9C6}.Release|x64.ActiveCfg = Release|Any CPU
		{0262BE9D-22B9-4B1F-B670-DB170FF0A9C6}.Release|x64.Build.0 = Release|Any CPU
		{0262BE9D-22B9-4B1F-B670-DB170FF0A9C6}.Release|x86.ActiveCfg = Release|Any CPU
		{0262BE9D-22B9-4B1F-B670-DB170FF0A9C6}.Release|x86.Build.0 = Release|Any CPU
		{70289035-BCAD-4873-B295-F12E32D66F74}.Debug|Any CPU.ActiveCfg = Debug|Any CPU
		{70289035-BCAD-4873-B295-F12E32D66F74}.Debug|Any CPU.Build.0 = Debug|Any CPU
		{70289035-BCAD-4873-B295-F12E32D66F74}.Debug|Any CPU.Deploy.0 = Debug|Any CPU
		{70289035-BCAD-4873-B295-F12E32D66F74}.Debug|ARM.ActiveCfg = Debug|ARM
		{70289035-BCAD-4873-B295-F12E32D66F74}.Debug|ARM.Build.0 = Debug|ARM
		{70289035-BCAD-4873-B295-F12E32D66F74}.Debug|ARM.Deploy.0 = Debug|ARM
		{70289035-BCAD-4873-B295-F12E32D66F74}.Debug|ARM64.ActiveCfg = Debug|ARM64
		{70289035-BCAD-4873-B295-F12E32D66F74}.Debug|ARM64.Build.0 = Debug|ARM64
		{70289035-BCAD-4873-B295-F12E32D66F74}.Debug|ARM64.Deploy.0 = Debug|ARM64
		{70289035-BCAD-4873-B295-F12E32D66F74}.Debug|x64.ActiveCfg = Debug|x64
		{70289035-BCAD-4873-B295-F12E32D66F74}.Debug|x64.Build.0 = Debug|x64
		{70289035-BCAD-4873-B295-F12E32D66F74}.Debug|x64.Deploy.0 = Debug|x64
		{70289035-BCAD-4873-B295-F12E32D66F74}.Debug|x86.ActiveCfg = Debug|x86
		{70289035-BCAD-4873-B295-F12E32D66F74}.Debug|x86.Build.0 = Debug|x86
		{70289035-BCAD-4873-B295-F12E32D66F74}.Debug|x86.Deploy.0 = Debug|x86
		{70289035-BCAD-4873-B295-F12E32D66F74}.Release|Any CPU.ActiveCfg = Release|Any CPU
		{70289035-BCAD-4873-B295-F12E32D66F74}.Release|Any CPU.Build.0 = Release|Any CPU
		{70289035-BCAD-4873-B295-F12E32D66F74}.Release|Any CPU.Deploy.0 = Release|Any CPU
		{70289035-BCAD-4873-B295-F12E32D66F74}.Release|ARM.ActiveCfg = Release|ARM
		{70289035-BCAD-4873-B295-F12E32D66F74}.Release|ARM.Build.0 = Release|ARM
		{70289035-BCAD-4873-B295-F12E32D66F74}.Release|ARM.Deploy.0 = Release|ARM
		{70289035-BCAD-4873-B295-F12E32D66F74}.Release|ARM64.ActiveCfg = Release|ARM64
		{70289035-BCAD-4873-B295-F12E32D66F74}.Release|ARM64.Build.0 = Release|ARM64
		{70289035-BCAD-4873-B295-F12E32D66F74}.Release|ARM64.Deploy.0 = Release|ARM64
		{70289035-BCAD-4873-B295-F12E32D66F74}.Release|x64.ActiveCfg = Release|x64
		{70289035-BCAD-4873-B295-F12E32D66F74}.Release|x64.Build.0 = Release|x64
		{70289035-BCAD-4873-B295-F12E32D66F74}.Release|x64.Deploy.0 = Release|x64
		{70289035-BCAD-4873-B295-F12E32D66F74}.Release|x86.ActiveCfg = Release|x86
		{70289035-BCAD-4873-B295-F12E32D66F74}.Release|x86.Build.0 = Release|x86
		{70289035-BCAD-4873-B295-F12E32D66F74}.Release|x86.Deploy.0 = Release|x86
		{1EEFDDBD-43DB-48FC-8CB0-D4DD3D7C30BD}.Debug|Any CPU.ActiveCfg = Debug
		{1EEFDDBD-43DB-48FC-8CB0-D4DD3D7C30BD}.Debug|ARM.ActiveCfg = Debug
		{1EEFDDBD-43DB-48FC-8CB0-D4DD3D7C30BD}.Debug|ARM64.ActiveCfg = Debug
		{1EEFDDBD-43DB-48FC-8CB0-D4DD3D7C30BD}.Debug|x64.ActiveCfg = Debug
		{1EEFDDBD-43DB-48FC-8CB0-D4DD3D7C30BD}.Debug|x86.ActiveCfg = Debug
		{1EEFDDBD-43DB-48FC-8CB0-D4DD3D7C30BD}.Release|Any CPU.ActiveCfg = Release
		{1EEFDDBD-43DB-48FC-8CB0-D4DD3D7C30BD}.Release|ARM.ActiveCfg = Release
		{1EEFDDBD-43DB-48FC-8CB0-D4DD3D7C30BD}.Release|ARM64.ActiveCfg = Release
		{1EEFDDBD-43DB-48FC-8CB0-D4DD3D7C30BD}.Release|x64.ActiveCfg = Release
		{1EEFDDBD-43DB-48FC-8CB0-D4DD3D7C30BD}.Release|x86.ActiveCfg = Release
	EndGlobalSection
	GlobalSection(SolutionProperties) = preSolution
		HideSolutionNode = FALSE
	EndGlobalSection
	GlobalSection(ExtensibilityGlobals) = postSolution
		SolutionGuid = {73924B73-87D5-4A7B-A826-F2FBC7982840}
	EndGlobalSection
EndGlobal
